
Microsoft Visual Studio Solution File, Format Version 12.00
# Visual Studio Version 16
VisualStudioVersion = 16.0.34114.132
MinimumVisualStudioVersion = 10.0.40219.1
Project("{2150E333-8FDC-42A3-9474-1A3956D46DE8}") = "Task0", "Task0", "{6D8A422B-C951-4CBF-B76B-9340554E82CA}"
EndProject
Project("{FAE04EC0-301F-11D3-BF4B-00C04F79EFBC}") = "Tyuiu.KaidalovIG.Sprint4.Task0.V28.Lib", "Tyuiu.KaidalovIG.Sprint4.Task0.V28.Lib\Tyuiu.KaidalovIG.Sprint4.Task0.V28.Lib.csproj", "{6B003EA6-56E3-4398-8B22-2138A050F8CF}"
EndProject
Project("{FAE04EC0-301F-11D3-BF4B-00C04F79EFBC}") = "Tyuiu.KaidalovIG.Sprint4.Task0.V28", "Tyuiu.KaidalovIG.Sprint4.Task0.V28\Tyuiu.KaidalovIG.Sprint4.Task0.V28.csproj", "{B8B3CE25-1C8D-4A47-BF96-00136D294597}"
EndProject
Project("{FAE04EC0-301F-11D3-BF4B-00C04F79EFBC}") = "Tyuiu.KaidalovIG.Sprint4.Task0.V28.Test", "Tyuiu.KaidalovIG.Sprint4.Task0.V28.Test\Tyuiu.KaidalovIG.Sprint4.Task0.V28.Test.csproj", "{381AB74B-9849-40F4-BBA7-2D3D32E7E610}"
EndProject
Project("{2150E333-8FDC-42A3-9474-1A3956D46DE8}") = "Task1", "Task1", "{88370498-F9DC-4E96-B3AD-53F1C9B80C7F}"
EndProject
Project("{FAE04EC0-301F-11D3-BF4B-00C04F79EFBC}") = "Tyuiu.KaidalovIG.Sprint4.Task1.V7", "Tyuiu.KaidalovIG.Sprint4.Task1.V7\Tyuiu.KaidalovIG.Sprint4.Task1.V7.csproj", "{40694AAA-CEB4-43E5-AF9F-A68D1929E1C7}"
EndProject
Project("{FAE04EC0-301F-11D3-BF4B-00C04F79EFBC}") = "Tyuiu.KaidalovIG.Sprint4.Task1.V7.Test", "Tyuiu.KaidalovIG.Sprint4.Task1.V7.Test\Tyuiu.KaidalovIG.Sprint4.Task1.V7.Test.csproj", "{59757AF5-2C40-428F-AEF8-210090E626B1}"
EndProject
Project("{FAE04EC0-301F-11D3-BF4B-00C04F79EFBC}") = "Tyuiu.KaidalovIG.Sprint4.Task1.V7.Lib", "Tyuiu.KaidalovIG.Sprint4.Task1.V7.Lib\Tyuiu.KaidalovIG.Sprint4.Task1.V7.Lib.csproj", "{4315D3B0-FB5D-4F7F-89A1-86348DCC7D13}"
EndProject
Project("{2150E333-8FDC-42A3-9474-1A3956D46DE8}") = "Task2", "Task2", "{BC1BF9E3-FF78-44FF-8C8A-D30C9CD7C59B}"
EndProject
Project("{FAE04EC0-301F-11D3-BF4B-00C04F79EFBC}") = "Tyuiu.KaidalovIG.Sprint4.Task2.V9", "Tyuiu.KaidalovIG.Sprint4.Task2.V9\Tyuiu.KaidalovIG.Sprint4.Task2.V9.csproj", "{E71741AD-176A-4C22-8FBB-3FA1E0137E09}"
EndProject
Project("{FAE04EC0-301F-11D3-BF4B-00C04F79EFBC}") = "Tyuiu.KaidalovIG.Sprint4.Task2.V9.Lib", "Tyuiu.KaidalovIG.Sprint4.Task2.V9.Lib\Tyuiu.KaidalovIG.Sprint4.Task2.V9.Lib.csproj", "{B7C03871-77FE-4146-8B5B-19C6C478882C}"
EndProject
Project("{FAE04EC0-301F-11D3-BF4B-00C04F79EFBC}") = "Tyuiu.KaidalovIG.Sprint4.Task2.V9.Test", "Tyuiu.KaidalovIG.Sprint4.Task2.V9.Test\Tyuiu.KaidalovIG.Sprint4.Task2.V9.Test.csproj", "{9AE25673-CA07-4A05-ABA6-FB83D69532E9}"
EndProject
Project("{2150E333-8FDC-42A3-9474-1A3956D46DE8}") = "Task3", "Task3", "{3DAAE8AF-CBBE-4AB8-AF3E-F7E5EB5F43FF}"
EndProject
Project("{FAE04EC0-301F-11D3-BF4B-00C04F79EFBC}") = "Tyuiu.KaidalovIG.Sprint4.Task3.V4", "Tyuiu.KaidalovIG.Sprint4.Task3.V4\Tyuiu.KaidalovIG.Sprint4.Task3.V4.csproj", "{EBC308BD-1DFA-4517-8439-754C3FC15FB3}"
EndProject
Project("{FAE04EC0-301F-11D3-BF4B-00C04F79EFBC}") = "Tyuiu.KaidalovIG.Sprint4.Task3.V4.Test", "Tyuiu.KaidalovIG.Sprint4.Task3.V4.Test\Tyuiu.KaidalovIG.Sprint4.Task3.V4.Test.csproj", "{F78BA3E9-803C-4386-8ACF-021F50D250D3}"
EndProject
Project("{FAE04EC0-301F-11D3-BF4B-00C04F79EFBC}") = "Tyuiu.KaidalovIG.Sprint4.Task3.V4.Lib", "Tyuiu.KaidalovIG.Sprint4.Task3.V4.Lib\Tyuiu.KaidalovIG.Sprint4.Task3.V4.Lib.csproj", "{8164A350-EC5D-4797-95A1-431AB4F6E960}"
EndProject
Project("{2150E333-8FDC-42A3-9474-1A3956D46DE8}") = "Task4", "Task4", "{EB6556F2-8A4C-4450-8FF2-A08D08EC645D}"
EndProject
Project("{FAE04EC0-301F-11D3-BF4B-00C04F79EFBC}") = "Tyuiu.KaidalovIG.Sprint4.Task4.V1", "Tyuiu.KaidalovIG.Sprint4.Task4.V1\Tyuiu.KaidalovIG.Sprint4.Task4.V1.csproj", "{FD4BC80F-C3A8-4AB5-95FE-A97480B35615}"
EndProject
Project("{FAE04EC0-301F-11D3-BF4B-00C04F79EFBC}") = "Tyuiu.KaidalovIG.Sprint4.Task4.V1.Lib", "Tyuiu.KaidalovIG.Sprint4.Task4.V1.Lib\Tyuiu.KaidalovIG.Sprint4.Task4.V1.Lib.csproj", "{B7FD11B8-0C0E-4030-80A2-E981FDD74FD3}"
EndProject
Project("{FAE04EC0-301F-11D3-BF4B-00C04F79EFBC}") = "Tyuiu.KaidalovIG.Sprint4.Task4.V1.Test", "Tyuiu.KaidalovIG.Sprint4.Task4.V1.Test\Tyuiu.KaidalovIG.Sprint4.Task4.V1.Test.csproj", "{B8B8FE38-488B-49C2-B5BF-9C90C0E4EEFC}"
EndProject
Project("{2150E333-8FDC-42A3-9474-1A3956D46DE8}") = "Task5", "Task5", "{F02A1787-A695-4E2E-B3E1-FAEA971E3957}"
EndProject
Project("{FAE04EC0-301F-11D3-BF4B-00C04F79EFBC}") = "Tyuiu.KaidalovIG.Sprint4.Task5.V15", "Tyuiu.KaidalovIG.Sprint4.Task5.V15\Tyuiu.KaidalovIG.Sprint4.Task5.V15.csproj", "{6CA58CCE-F5E3-48FA-A1D3-2C76CBCC1849}"
EndProject
Project("{FAE04EC0-301F-11D3-BF4B-00C04F79EFBC}") = "Tyuiu.KaidalovIG.Sprint4.Task5.V15.Test", "Tyuiu.KaidalovIG.Sprint4.Task5.V15.Test\Tyuiu.KaidalovIG.Sprint4.Task5.V15.Test.csproj", "{9ED7A12B-86D8-4141-8267-ECB28676E5AA}"
EndProject
Project("{FAE04EC0-301F-11D3-BF4B-00C04F79EFBC}") = "Tyuiu.KaidalovIG.Sprint4.Task5.V15.Lib", "Tyuiu.KaidalovIG.Sprint4.Task5.V15.Lib\Tyuiu.KaidalovIG.Sprint4.Task5.V15.Lib.csproj", "{237B1A74-6B6A-4E5A-932C-51D0247CAFD0}"
EndProject
Global
	GlobalSection(SolutionConfigurationPlatforms) = preSolution
		Debug|Any CPU = Debug|Any CPU
		Release|Any CPU = Release|Any CPU
	EndGlobalSection
	GlobalSection(ProjectConfigurationPlatforms) = postSolution
		{6B003EA6-56E3-4398-8B22-2138A050F8CF}.Debug|Any CPU.ActiveCfg = Debug|Any CPU
		{6B003EA6-56E3-4398-8B22-2138A050F8CF}.Debug|Any CPU.Build.0 = Debug|Any CPU
		{6B003EA6-56E3-4398-8B22-2138A050F8CF}.Release|Any CPU.ActiveCfg = Release|Any CPU
		{6B003EA6-56E3-4398-8B22-2138A050F8CF}.Release|Any CPU.Build.0 = Release|Any CPU
		{B8B3CE25-1C8D-4A47-BF96-00136D294597}.Debug|Any CPU.ActiveCfg = Debug|Any CPU
		{B8B3CE25-1C8D-4A47-BF96-00136D294597}.Debug|Any CPU.Build.0 = Debug|Any CPU
		{B8B3CE25-1C8D-4A47-BF96-00136D294597}.Release|Any CPU.ActiveCfg = Release|Any CPU
		{B8B3CE25-1C8D-4A47-BF96-00136D294597}.Release|Any CPU.Build.0 = Release|Any CPU
		{381AB74B-9849-40F4-BBA7-2D3D32E7E610}.Debug|Any CPU.ActiveCfg = Debug|Any CPU
		{381AB74B-9849-40F4-BBA7-2D3D32E7E610}.Debug|Any CPU.Build.0 = Debug|Any CPU
		{381AB74B-9849-40F4-BBA7-2D3D32E7E610}.Release|Any CPU.ActiveCfg = Release|Any CPU
		{381AB74B-9849-40F4-BBA7-2D3D32E7E610}.Release|Any CPU.Build.0 = Release|Any CPU
		{40694AAA-CEB4-43E5-AF9F-A68D1929E1C7}.Debug|Any CPU.ActiveCfg = Debug|Any CPU
		{40694AAA-CEB4-43E5-AF9F-A68D1929E1C7}.Debug|Any CPU.Build.0 = Debug|Any CPU
		{40694AAA-CEB4-43E5-AF9F-A68D1929E1C7}.Release|Any CPU.ActiveCfg = Release|Any CPU
		{40694AAA-CEB4-43E5-AF9F-A68D1929E1C7}.Release|Any CPU.Build.0 = Release|Any CPU
		{59757AF5-2C40-428F-AEF8-210090E626B1}.Debug|Any CPU.ActiveCfg = Debug|Any CPU
		{59757AF5-2C40-428F-AEF8-210090E626B1}.Debug|Any CPU.Build.0 = Debug|Any CPU
		{59757AF5-2C40-428F-AEF8-210090E626B1}.Release|Any CPU.ActiveCfg = Release|Any CPU
		{59757AF5-2C40-428F-AEF8-210090E626B1}.Release|Any CPU.Build.0 = Release|Any CPU
		{4315D3B0-FB5D-4F7F-89A1-86348DCC7D13}.Debug|Any CPU.ActiveCfg = Debug|Any CPU
		{4315D3B0-FB5D-4F7F-89A1-86348DCC7D13}.Debug|Any CPU.Build.0 = Debug|Any CPU
		{4315D3B0-FB5D-4F7F-89A1-86348DCC7D13}.Release|Any CPU.ActiveCfg = Release|Any CPU
		{4315D3B0-FB5D-4F7F-89A1-86348DCC7D13}.Release|Any CPU.Build.0 = Release|Any CPU
		{E71741AD-176A-4C22-8FBB-3FA1E0137E09}.Debug|Any CPU.ActiveCfg = Debug|Any CPU
		{E71741AD-176A-4C22-8FBB-3FA1E0137E09}.Debug|Any CPU.Build.0 = Debug|Any CPU
		{E71741AD-176A-4C22-8FBB-3FA1E0137E09}.Release|Any CPU.ActiveCfg = Release|Any CPU
		{E71741AD-176A-4C22-8FBB-3FA1E0137E09}.Release|Any CPU.Build.0 = Release|Any CPU
		{B7C03871-77FE-4146-8B5B-19C6C478882C}.Debug|Any CPU.ActiveCfg = Debug|Any CPU
		{B7C03871-77FE-4146-8B5B-19C6C478882C}.Debug|Any CPU.Build.0 = Debug|Any CPU
		{B7C03871-77FE-4146-8B5B-19C6C478882C}.Release|Any CPU.ActiveCfg = Release|Any CPU
		{B7C03871-77FE-4146-8B5B-19C6C478882C}.Release|Any CPU.Build.0 = Release|Any CPU
		{9AE25673-CA07-4A05-ABA6-FB83D69532E9}.Debug|Any CPU.ActiveCfg = Debug|Any CPU
		{9AE25673-CA07-4A05-ABA6-FB83D69532E9}.Debug|Any CPU.Build.0 = Debug|Any CPU
		{9AE25673-CA07-4A05-ABA6-FB83D69532E9}.Release|Any CPU.ActiveCfg = Release|Any CPU
		{9AE25673-CA07-4A05-ABA6-FB83D69532E9}.Release|Any CPU.Build.0 = Release|Any CPU
		{EBC308BD-1DFA-4517-8439-754C3FC15FB3}.Debug|Any CPU.ActiveCfg = Debug|Any CPU
		{EBC308BD-1DFA-4517-8439-754C3FC15FB3}.Debug|Any CPU.Build.0 = Debug|Any CPU
		{EBC308BD-1DFA-4517-8439-754C3FC15FB3}.Release|Any CPU.ActiveCfg = Release|Any CPU
		{EBC308BD-1DFA-4517-8439-754C3FC15FB3}.Release|Any CPU.Build.0 = Release|Any CPU
		{F78BA3E9-803C-4386-8ACF-021F50D250D3}.Debug|Any CPU.ActiveCfg = Debug|Any CPU
		{F78BA3E9-803C-4386-8ACF-021F50D250D3}.Debug|Any CPU.Build.0 = Debug|Any CPU
		{F78BA3E9-803C-4386-8ACF-021F50D250D3}.Release|Any CPU.ActiveCfg = Release|Any CPU
		{F78BA3E9-803C-4386-8ACF-021F50D250D3}.Release|Any CPU.Build.0 = Release|Any CPU
		{8164A350-EC5D-4797-95A1-431AB4F6E960}.Debug|Any CPU.ActiveCfg = Debug|Any CPU
		{8164A350-EC5D-4797-95A1-431AB4F6E960}.Debug|Any CPU.Build.0 = Debug|Any CPU
		{8164A350-EC5D-4797-95A1-431AB4F6E960}.Release|Any CPU.ActiveCfg = Release|Any CPU
		{8164A350-EC5D-4797-95A1-431AB4F6E960}.Release|Any CPU.Build.0 = Release|Any CPU
		{FD4BC80F-C3A8-4AB5-95FE-A97480B35615}.Debug|Any CPU.ActiveCfg = Debug|Any CPU
		{FD4BC80F-C3A8-4AB5-95FE-A97480B35615}.Debug|Any CPU.Build.0 = Debug|Any CPU
		{FD4BC80F-C3A8-4AB5-95FE-A97480B35615}.Release|Any CPU.ActiveCfg = Release|Any CPU
		{FD4BC80F-C3A8-4AB5-95FE-A97480B35615}.Release|Any CPU.Build.0 = Release|Any CPU
		{B7FD11B8-0C0E-4030-80A2-E981FDD74FD3}.Debug|Any CPU.ActiveCfg = Debug|Any CPU
		{B7FD11B8-0C0E-4030-80A2-E981FDD74FD3}.Debug|Any CPU.Build.0 = Debug|Any CPU
		{B7FD11B8-0C0E-4030-80A2-E981FDD74FD3}.Release|Any CPU.ActiveCfg = Release|Any CPU
		{B7FD11B8-0C0E-4030-80A2-E981FDD74FD3}.Release|Any CPU.Build.0 = Release|Any CPU
		{B8B8FE38-488B-49C2-B5BF-9C90C0E4EEFC}.Debug|Any CPU.ActiveCfg = Debug|Any CPU
		{B8B8FE38-488B-49C2-B5BF-9C90C0E4EEFC}.Debug|Any CPU.Build.0 = Debug|Any CPU
		{B8B8FE38-488B-49C2-B5BF-9C90C0E4EEFC}.Release|Any CPU.ActiveCfg = Release|Any CPU
		{B8B8FE38-488B-49C2-B5BF-9C90C0E4EEFC}.Release|Any CPU.Build.0 = Release|Any CPU
		{6CA58CCE-F5E3-48FA-A1D3-2C76CBCC1849}.Debug|Any CPU.ActiveCfg = Debug|Any CPU
		{6CA58CCE-F5E3-48FA-A1D3-2C76CBCC1849}.Debug|Any CPU.Build.0 = Debug|Any CPU
		{6CA58CCE-F5E3-48FA-A1D3-2C76CBCC1849}.Release|Any CPU.ActiveCfg = Release|Any CPU
		{6CA58CCE-F5E3-48FA-A1D3-2C76CBCC1849}.Release|Any CPU.Build.0 = Release|Any CPU
		{9ED7A12B-86D8-4141-8267-ECB28676E5AA}.Debug|Any CPU.ActiveCfg = Debug|Any CPU
		{9ED7A12B-86D8-4141-8267-ECB28676E5AA}.Debug|Any CPU.Build.0 = Debug|Any CPU
		{9ED7A12B-86D8-4141-8267-ECB28676E5AA}.Release|Any CPU.ActiveCfg = Release|Any CPU
		{9ED7A12B-86D8-4141-8267-ECB28676E5AA}.Release|Any CPU.Build.0 = Release|Any CPU
		{237B1A74-6B6A-4E5A-932C-51D0247CAFD0}.Debug|Any CPU.ActiveCfg = Debug|Any CPU
		{237B1A74-6B6A-4E5A-932C-51D0247CAFD0}.Debug|Any CPU.Build.0 = Debug|Any CPU
		{237B1A74-6B6A-4E5A-932C-51D0247CAFD0}.Release|Any CPU.ActiveCfg = Release|Any CPU
		{237B1A74-6B6A-4E5A-932C-51D0247CAFD0}.Release|Any CPU.Build.0 = Release|Any CPU
	EndGlobalSection
	GlobalSection(SolutionProperties) = preSolution
		HideSolutionNode = FALSE
	EndGlobalSection
	GlobalSection(NestedProjects) = preSolution
		{6B003EA6-56E3-4398-8B22-2138A050F8CF} = {6D8A422B-C951-4CBF-B76B-9340554E82CA}
		{B8B3CE25-1C8D-4A47-BF96-00136D294597} = {6D8A422B-C951-4CBF-B76B-9340554E82CA}
		{381AB74B-9849-40F4-BBA7-2D3D32E7E610} = {6D8A422B-C951-4CBF-B76B-9340554E82CA}
		{40694AAA-CEB4-43E5-AF9F-A68D1929E1C7} = {88370498-F9DC-4E96-B3AD-53F1C9B80C7F}
		{59757AF5-2C40-428F-AEF8-210090E626B1} = {88370498-F9DC-4E96-B3AD-53F1C9B80C7F}
		{4315D3B0-FB5D-4F7F-89A1-86348DCC7D13} = {88370498-F9DC-4E96-B3AD-53F1C9B80C7F}
		{E71741AD-176A-4C22-8FBB-3FA1E0137E09} = {BC1BF9E3-FF78-44FF-8C8A-D30C9CD7C59B}
		{B7C03871-77FE-4146-8B5B-19C6C478882C} = {BC1BF9E3-FF78-44FF-8C8A-D30C9CD7C59B}
		{9AE25673-CA07-4A05-ABA6-FB83D69532E9} = {BC1BF9E3-FF78-44FF-8C8A-D30C9CD7C59B}
		{EBC308BD-1DFA-4517-8439-754C3FC15FB3} = {3DAAE8AF-CBBE-4AB8-AF3E-F7E5EB5F43FF}
		{F78BA3E9-803C-4386-8ACF-021F50D250D3} = {3DAAE8AF-CBBE-4AB8-AF3E-F7E5EB5F43FF}
		{8164A350-EC5D-4797-95A1-431AB4F6E960} = {3DAAE8AF-CBBE-4AB8-AF3E-F7E5EB5F43FF}
		{FD4BC80F-C3A8-4AB5-95FE-A97480B35615} = {EB6556F2-8A4C-4450-8FF2-A08D08EC645D}
		{B7FD11B8-0C0E-4030-80A2-E981FDD74FD3} = {EB6556F2-8A4C-4450-8FF2-A08D08EC645D}
		{B8B8FE38-488B-49C2-B5BF-9C90C0E4EEFC} = {EB6556F2-8A4C-4450-8FF2-A08D08EC645D}
		{6CA58CCE-F5E3-48FA-A1D3-2C76CBCC1849} = {F02A1787-A695-4E2E-B3E1-FAEA971E3957}
		{9ED7A12B-86D8-4141-8267-ECB28676E5AA} = {F02A1787-A695-4E2E-B3E1-FAEA971E3957}
		{237B1A74-6B6A-4E5A-932C-51D0247CAFD0} = {F02A1787-A695-4E2E-B3E1-FAEA971E3957}
	EndGlobalSection
	GlobalSection(ExtensibilityGlobals) = postSolution
		SolutionGuid = {1500EBC7-6AFE-4B89-AC28-6D84A58C444A}
	EndGlobalSection
EndGlobal
