
Microsoft Visual Studio Solution File, Format Version 12.00
# Visual Studio Version 16
VisualStudioVersion = 16.0.34114.132
MinimumVisualStudioVersion = 10.0.40219.1
Project("{2150E333-8FDC-42A3-9474-1A3956D46DE8}") = "Task0", "Task0", "{6D8A422B-C951-4CBF-B76B-9340554E82CA}"
EndProject
Project("{FAE04EC0-301F-11D3-BF4B-00C04F79EFBC}") = "Tyuiu.KaidalovIG.Sprint4.Task0.V28.Lib", "Tyuiu.KaidalovIG.Sprint4.Task0.V28.Lib\Tyuiu.KaidalovIG.Sprint4.Task0.V28.Lib.csproj", "{6B003EA6-56E3-4398-8B22-2138A050F8CF}"
EndProject
Project("{FAE04EC0-301F-11D3-BF4B-00C04F79EFBC}") = "Tyuiu.KaidalovIG.Sprint4.Task0.V28", "Tyuiu.KaidalovIG.Sprint4.Task0.V28\Tyuiu.KaidalovIG.Sprint4.Task0.V28.csproj", "{B8B3CE25-1C8D-4A47-BF96-00136D294597}"
EndProject
Project("{FAE04EC0-301F-11D3-BF4B-00C04F79EFBC}") = "Tyuiu.KaidalovIG.Sprint4.Task0.V28.Test", "Tyuiu.KaidalovIG.Sprint4.Task0.V28.Test\Tyuiu.KaidalovIG.Sprint4.Task0.V28.Test.csproj", "{381AB74B-9849-40F4-BBA7-2D3D32E7E610}"
EndProject
Project("{2150E333-8FDC-42A3-9474-1A3956D46DE8}") = "Task1", "Task1", "{88370498-F9DC-4E96-B3AD-53F1C9B80C7F}"
EndProject
Project("{FAE04EC0-301F-11D3-BF4B-00C04F79EFBC}") = "Tyuiu.KaidalovIG.Sprint4.Task1.V7", "Tyuiu.KaidalovIG.Sprint4.Task1.V7\Tyuiu.KaidalovIG.Sprint4.Task1.V7.csproj", "{40694AAA-CEB4-43E5-AF9F-A68D1929E1C7}"
EndProject
Project("{FAE04EC0-301F-11D3-BF4B-00C04F79EFBC}") = "Tyuiu.KaidalovIG.Sprint4.Task1.V7.Test", "Tyuiu.KaidalovIG.Sprint4.Task1.V7.Test\Tyuiu.KaidalovIG.Sprint4.Task1.V7.Test.csproj", "{59757AF5-2C40-428F-AEF8-210090E626B1}"
EndProject
Project("{FAE04EC0-301F-11D3-BF4B-00C04F79EFBC}") = "Tyuiu.KaidalovIG.Sprint4.Task1.V7.Lib", "Tyuiu.KaidalovIG.Sprint4.Task1.V7.Lib\Tyuiu.KaidalovIG.Sprint4.Task1.V7.Lib.csproj", "{4315D3B0-FB5D-4F7F-89A1-86348DCC7D13}"
EndProject
Project("{2150E333-8FDC-42A3-9474-1A3956D46DE8}") = "Task2", "Task2", "{BC1BF9E3-FF78-44FF-8C8A-D30C9CD7C59B}"
EndProject
Project("{FAE04EC0-301F-11D3-BF4B-00C04F79EFBC}") = "Tyuiu.KaidalovIG.Sprint4.Task2.V9", "Tyuiu.KaidalovIG.Sprint4.Task2.V9\Tyuiu.KaidalovIG.Sprint4.Task2.V9.csproj", "{E71741AD-176A-4C22-8FBB-3FA1E0137E09}"
EndProject
Project("{FAE04EC0-301F-11D3-BF4B-00C04F79EFBC}") = "Tyuiu.KaidalovIG.Sprint4.Task2.V9.Lib", "Tyuiu.KaidalovIG.Sprint4.Task2.V9.Lib\Tyuiu.KaidalovIG.Sprint4.Task2.V9.Lib.csproj", "{B7C03871-77FE-4146-8B5B-19C6C478882C}"
EndProject
Project("{FAE04EC0-301F-11D3-BF4B-00C04F79EFBC}") = "Tyuiu.KaidalovIG.Sprint4.Task2.V9.Test", "Tyuiu.KaidalovIG.Sprint4.Task2.V9.Test\Tyuiu.KaidalovIG.Sprint4.Task2.V9.Test.csproj", "{9AE25673-CA07-4A05-ABA6-FB83D69532E9}"
EndProject
Global
	GlobalSection(SolutionConfigurationPlatforms) = preSolution
		Debug|Any CPU = Debug|Any CPU
		Release|Any CPU = Release|Any CPU
	EndGlobalSection
	GlobalSection(ProjectConfigurationPlatforms) = postSolution
		{6B003EA6-56E3-4398-8B22-2138A050F8CF}.Debug|Any CPU.ActiveCfg = Debug|Any CPU
		{6B003EA6-56E3-4398-8B22-2138A050F8CF}.Debug|Any CPU.Build.0 = Debug|Any CPU
		{6B003EA6-56E3-4398-8B22-2138A050F8CF}.Release|Any CPU.ActiveCfg = Release|Any CPU
		{6B003EA6-56E3-4398-8B22-2138A050F8CF}.Release|Any CPU.Build.0 = Release|Any CPU
		{B8B3CE25-1C8D-4A47-BF96-00136D294597}.Debug|Any CPU.ActiveCfg = Debug|Any CPU
		{B8B3CE25-1C8D-4A47-BF96-00136D294597}.Debug|Any CPU.Build.0 = Debug|Any CPU
		{B8B3CE25-1C8D-4A47-BF96-00136D294597}.Release|Any CPU.ActiveCfg = Release|Any CPU
		{B8B3CE25-1C8D-4A47-BF96-00136D294597}.Release|Any CPU.Build.0 = Release|Any CPU
		{381AB74B-9849-40F4-BBA7-2D3D32E7E610}.Debug|Any CPU.ActiveCfg = Debug|Any CPU
		{381AB74B-9849-40F4-BBA7-2D3D32E7E610}.Debug|Any CPU.Build.0 = Debug|Any CPU
		{381AB74B-9849-40F4-BBA7-2D3D32E7E610}.Release|Any CPU.ActiveCfg = Release|Any CPU
		{381AB74B-9849-40F4-BBA7-2D3D32E7E610}.Release|Any CPU.Build.0 = Release|Any CPU
		{40694AAA-CEB4-43E5-AF9F-A68D1929E1C7}.Debug|Any CPU.ActiveCfg = Debug|Any CPU
		{40694AAA-CEB4-43E5-AF9F-A68D1929E1C7}.Debug|Any CPU.Build.0 = Debug|Any CPU
		{40694AAA-CEB4-43E5-AF9F-A68D1929E1C7}.Release|Any CPU.ActiveCfg = Release|Any CPU
		{40694AAA-CEB4-43E5-AF9F-A68D1929E1C7}.Release|Any CPU.Build.0 = Release|Any CPU
		{59757AF5-2C40-428F-AEF8-210090E626B1}.Debug|Any CPU.ActiveCfg = Debug|Any CPU
		{59757AF5-2C40-428F-AEF8-210090E626B1}.Debug|Any CPU.Build.0 = Debug|Any CPU
		{59757AF5-2C40-428F-AEF8-210090E626B1}.Release|Any CPU.ActiveCfg = Release|Any CPU
		{59757AF5-2C40-428F-AEF8-210090E626B1}.Release|Any CPU.Build.0 = Release|Any CPU
		{4315D3B0-FB5D-4F7F-89A1-86348DCC7D13}.Debug|Any CPU.ActiveCfg = Debug|Any CPU
		{4315D3B0-FB5D-4F7F-89A1-86348DCC7D13}.Debug|Any CPU.Build.0 = Debug|Any CPU
		{4315D3B0-FB5D-4F7F-89A1-86348DCC7D13}.Release|Any CPU.ActiveCfg = Release|Any CPU
		{4315D3B0-FB5D-4F7F-89A1-86348DCC7D13}.Release|Any CPU.Build.0 = Release|Any CPU
		{E71741AD-176A-4C22-8FBB-3FA1E0137E09}.Debug|Any CPU.ActiveCfg = Debug|Any CPU
		{E71741AD-176A-4C22-8FBB-3FA1E0137E09}.Debug|Any CPU.Build.0 = Debug|Any CPU
		{E71741AD-176A-4C22-8FBB-3FA1E0137E09}.Release|Any CPU.ActiveCfg = Release|Any CPU
		{E71741AD-176A-4C22-8FBB-3FA1E0137E09}.Release|Any CPU.Build.0 = Release|Any CPU
		{B7C03871-77FE-4146-8B5B-19C6C478882C}.Debug|Any CPU.ActiveCfg = Debug|Any CPU
		{B7C03871-77FE-4146-8B5B-19C6C478882C}.Debug|Any CPU.Build.0 = Debug|Any CPU
		{B7C03871-77FE-4146-8B5B-19C6C478882C}.Release|Any CPU.ActiveCfg = Release|Any CPU
		{B7C03871-77FE-4146-8B5B-19C6C478882C}.Release|Any CPU.Build.0 = Release|Any CPU
		{9AE25673-CA07-4A05-ABA6-FB83D69532E9}.Debug|Any CPU.ActiveCfg = Debug|Any CPU
		{9AE25673-CA07-4A05-ABA6-FB83D69532E9}.Debug|Any CPU.Build.0 = Debug|Any CPU
		{9AE25673-CA07-4A05-ABA6-FB83D69532E9}.Release|Any CPU.ActiveCfg = Release|Any CPU
		{9AE25673-CA07-4A05-ABA6-FB83D69532E9}.Release|Any CPU.Build.0 = Release|Any CPU
	EndGlobalSection
	GlobalSection(SolutionProperties) = preSolution
		HideSolutionNode = FALSE
	EndGlobalSection
	GlobalSection(NestedProjects) = preSolution
		{6B003EA6-56E3-4398-8B22-2138A050F8CF} = {6D8A422B-C951-4CBF-B76B-9340554E82CA}
		{B8B3CE25-1C8D-4A47-BF96-00136D294597} = {6D8A422B-C951-4CBF-B76B-9340554E82CA}
		{381AB74B-9849-40F4-BBA7-2D3D32E7E610} = {6D8A422B-C951-4CBF-B76B-9340554E82CA}
		{40694AAA-CEB4-43E5-AF9F-A68D1929E1C7} = {88370498-F9DC-4E96-B3AD-53F1C9B80C7F}
		{59757AF5-2C40-428F-AEF8-210090E626B1} = {88370498-F9DC-4E96-B3AD-53F1C9B80C7F}
		{4315D3B0-FB5D-4F7F-89A1-86348DCC7D13} = {88370498-F9DC-4E96-B3AD-53F1C9B80C7F}
		{E71741AD-176A-4C22-8FBB-3FA1E0137E09} = {BC1BF9E3-FF78-44FF-8C8A-D30C9CD7C59B}
		{B7C03871-77FE-4146-8B5B-19C6C478882C} = {BC1BF9E3-FF78-44FF-8C8A-D30C9CD7C59B}
		{9AE25673-CA07-4A05-ABA6-FB83D69532E9} = {BC1BF9E3-FF78-44FF-8C8A-D30C9CD7C59B}
	EndGlobalSection
	GlobalSection(ExtensibilityGlobals) = postSolution
		SolutionGuid = {1500EBC7-6AFE-4B89-AC28-6D84A58C444A}
	EndGlobalSection
EndGlobal
